<?xml version="1.0" encoding="utf-8"?>
<Project ToolsVersion="4.0" xmlns="http://schemas.microsoft.com/developer/msbuild/2003">
  <ItemGroup>
    <Filter Include="源文件">
      <UniqueIdentifier>{4FC737F1-C7A5-4376-A066-2A32D752A2FF}</UniqueIdentifier>
      <Extensions>cpp;c;cc;cxx;def;odl;idl;hpj;bat;asm;asmx</Extensions>
    </Filter>
    <Filter Include="头文件">
      <UniqueIdentifier>{93995380-89BD-4b04-88EB-625FBE52EBFB}</UniqueIdentifier>
      <Extensions>h;hpp;hxx;hm;inl;inc;xsd</Extensions>
    </Filter>
    <Filter Include="资源文件">
      <UniqueIdentifier>{67DA6AB6-F800-4c08-8B7A-83BB121AAD01}</UniqueIdentifier>
      <Extensions>rc;ico;cur;bmp;dlg;rc2;rct;bin;rgs;gif;jpg;jpeg;jpe;resx;tiff;tif;png;wav;mfcribbon-ms</Extensions>
    </Filter>
    <Filter Include="源文件\APPdata">
      <UniqueIdentifier>{9fe1202e-d7a5-4ab2-8a9b-5c16c678578a}</UniqueIdentifier>
    </Filter>
    <Filter Include="源文件\HARDdata">
      <UniqueIdentifier>{3ab1e02e-40ca-4770-973a-d8ee40da99c7}</UniqueIdentifier>
    </Filter>
    <Filter Include="源文件\json">
      <UniqueIdentifier>{f0d339bc-96b7-48b6-96f0-b6c3e8f871cc}</UniqueIdentifier>
    </Filter>
    <Filter Include="源文件\MYSQL">
      <UniqueIdentifier>{1ca43e0d-94c9-46f5-9ab2-79ed35c9e306}</UniqueIdentifier>
    </Filter>
    <Filter Include="源文件\ThreadPool">
      <UniqueIdentifier>{7a1306b9-5381-4661-a24b-83907a931572}</UniqueIdentifier>
    </Filter>
    <Filter Include="源文件\Task">
      <UniqueIdentifier>{623121a3-2f7b-4dea-bf3c-04c2ad058f2b}</UniqueIdentifier>
    </Filter>
    <Filter Include="源文件\main">
      <UniqueIdentifier>{2ff36b21-2700-47e1-8ef9-3f40da393bc2}</UniqueIdentifier>
    </Filter>
    <Filter Include="头文件\ThreadPool">
      <UniqueIdentifier>{fa5b6dab-dfbf-4c72-ae06-ebf7183ab758}</UniqueIdentifier>
    </Filter>
    <Filter Include="头文件\json">
      <UniqueIdentifier>{0597d003-7246-486a-b22b-9e315e8ea003}</UniqueIdentifier>
    </Filter>
    <Filter Include="头文件\Task">
      <UniqueIdentifier>{379108b2-168e-4013-933d-6650e62f99af}</UniqueIdentifier>
    </Filter>
  </ItemGroup>
  <ItemGroup>
    <None Include="ReadMe.txt" />
  </ItemGroup>
  <ItemGroup>
    <ClInclude Include="stdafx.h">
      <Filter>头文件</Filter>
    </ClInclude>
    <ClInclude Include="targetver.h">
      <Filter>头文件</Filter>
    </ClInclude>
    <ClInclude Include="mcom.h">
      <Filter>头文件</Filter>
    </ClInclude>
    <ClInclude Include="SocketTCP.h">
      <Filter>头文件</Filter>
    </ClInclude>
    <ClInclude Include="SocketAPP.h">
      <Filter>头文件</Filter>
    </ClInclude>
    <ClInclude Include="json\include\json\json.h">
      <Filter>头文件\json</Filter>
    </ClInclude>
    <ClInclude Include="json\src\lib_json\json_batchallocator.h">
      <Filter>头文件\json</Filter>
    </ClInclude>
    <ClInclude Include="MyList.h">
      <Filter>头文件\ThreadPool</Filter>
    </ClInclude>
    <ClInclude Include="json\include\json\config.h">
      <Filter>头文件\json</Filter>
    </ClInclude>
    <ClInclude Include="MyMutex.h">
      <Filter>头文件\ThreadPool</Filter>
    </ClInclude>
    <ClInclude Include="MyQueue.h">
      <Filter>头文件\ThreadPool</Filter>
    </ClInclude>
    <ClInclude Include="MyStack.h">
      <Filter>头文件\ThreadPool</Filter>
    </ClInclude>
    <ClInclude Include="MyThread.h">
      <Filter>头文件\ThreadPool</Filter>
    </ClInclude>
    <ClInclude Include="MyThreadPool.h">
      <Filter>头文件\ThreadPool</Filter>
    </ClInclude>
    <ClInclude Include="SaveQueue.h">
      <Filter>头文件\ThreadPool</Filter>
    </ClInclude>
    <ClInclude Include="json\include\json\writer.h">
      <Filter>头文件\json</Filter>
    </ClInclude>
    <ClInclude Include="json\include\json\reader.h">
      <Filter>头文件\json</Filter>
    </ClInclude>
    <ClInclude Include="json\include\json\forwards.h">
      <Filter>头文件\json</Filter>
    </ClInclude>
    <ClInclude Include="json\include\json\features.h">
      <Filter>头文件\json</Filter>
    </ClInclude>
    <ClInclude Include="json\include\json\autolink.h">
      <Filter>头文件\json</Filter>
    </ClInclude>
    <ClInclude Include="Task.h">
      <Filter>头文件\Task</Filter>
    </ClInclude>
    <ClInclude Include="TestTask.h">
      <Filter>头文件\Task</Filter>
    </ClInclude>
    <ClInclude Include="json\include\json\value.h">
      <Filter>头文件\json</Filter>
    </ClInclude>
  </ItemGroup>
  <ItemGroup>
    <ClCompile Include="stdafx.cpp">
      <Filter>源文件</Filter>
    </ClCompile>
    <ClCompile Include="json\src\lib_json\json_reader.cpp">
      <Filter>源文件\json</Filter>
    </ClCompile>
    <ClCompile Include="json\src\lib_json\json_value.cpp">
      <Filter>源文件\json</Filter>
    </ClCompile>
    <ClCompile Include="json\src\lib_json\json_writer.cpp">
      <Filter>源文件\json</Filter>
    </ClCompile>
    <ClCompile Include="SocketTCP.cpp">
      <Filter>源文件\HARDdata</Filter>
    </ClCompile>
    <ClCompile Include="SocketAPP.cpp">
      <Filter>源文件\APPdata</Filter>
    </ClCompile>
    <ClCompile Include="RecAPP.cpp">
      <Filter>源文件\APPdata</Filter>
    </ClCompile>
    <ClCompile Include="mSQLSave.cpp">
      <Filter>源文件\MYSQL</Filter>
    </ClCompile>
    <ClCompile Include="MyThreadPool.cpp">
      <Filter>源文件\ThreadPool</Filter>
    </ClCompile>
    <ClCompile Include="MyList.cpp">
      <Filter>源文件\ThreadPool</Filter>
    </ClCompile>
    <ClCompile Include="MyMutex.cpp">
      <Filter>源文件\ThreadPool</Filter>
    </ClCompile>
    <ClCompile Include="MyQueue.cpp">
      <Filter>源文件\ThreadPool</Filter>
    </ClCompile>
    <ClCompile Include="MyStack.cpp">
      <Filter>源文件\ThreadPool</Filter>
    </ClCompile>
    <ClCompile Include="MyThread.cpp">
      <Filter>源文件\ThreadPool</Filter>
    </ClCompile>
    <ClCompile Include="SaveQueue.cpp">
      <Filter>源文件\ThreadPool</Filter>
    </ClCompile>
    <ClCompile Include="TestTask.cpp">
      <Filter>源文件\Task</Filter>
    </ClCompile>
    <ClCompile Include="Task.cpp">
      <Filter>源文件\Task</Filter>
    </ClCompile>
    <ClCompile Include="socket服务端.cpp">
      <Filter>源文件\main</Filter>
    </ClCompile>
  </ItemGroup>
</Project>